// !$*UTF8*$!
{
	archiveVersion = 1;
	classes = {
	};
	objectVersion = 55;
	objects = {

/* Begin PBXBuildFile section */
		F83206DD27ED11F100A230CC /* ShapeCell.swift in Sources */ = {isa = PBXBuildFile; fileRef = F83206DC27ED11F100A230CC /* ShapeCell.swift */; };
		F83206EC27ED2BA200A230CC /* ShapeControlViewController.swift in Sources */ = {isa = PBXBuildFile; fileRef = F83206EB27ED2BA200A230CC /* ShapeControlViewController.swift */; };
		F83206EE27ED383A00A230CC /* Color.swift in Sources */ = {isa = PBXBuildFile; fileRef = F83206ED27ED383A00A230CC /* Color.swift */; };
		F83206F027ED3DA600A230CC /* StrokeWidth.swift in Sources */ = {isa = PBXBuildFile; fileRef = F83206EF27ED3DA600A230CC /* StrokeWidth.swift */; };
		F8A0896327ECDE4600C22CB6 /* AppDelegate.swift in Sources */ = {isa = PBXBuildFile; fileRef = F8A0896227ECDE4600C22CB6 /* AppDelegate.swift */; };
		F8A0896527ECDE4600C22CB6 /* SceneDelegate.swift in Sources */ = {isa = PBXBuildFile; fileRef = F8A0896427ECDE4600C22CB6 /* SceneDelegate.swift */; };
		F8A0896A27ECDE4600C22CB6 /* Main.storyboard in Resources */ = {isa = PBXBuildFile; fileRef = F8A0896827ECDE4600C22CB6 /* Main.storyboard */; };
		F8A0896C27ECDE4700C22CB6 /* Assets.xcassets in Resources */ = {isa = PBXBuildFile; fileRef = F8A0896B27ECDE4700C22CB6 /* Assets.xcassets */; };
		F8A0896F27ECDE4700C22CB6 /* LaunchScreen.storyboard in Resources */ = {isa = PBXBuildFile; fileRef = F8A0896D27ECDE4700C22CB6 /* LaunchScreen.storyboard */; };
		F8A0897C27ECDEE900C22CB6 /* Shape.swift in Sources */ = {isa = PBXBuildFile; fileRef = F8A0897B27ECDEE900C22CB6 /* Shape.swift */; };
		F8A0897E27ECDF1900C22CB6 /* ShapeType.swift in Sources */ = {isa = PBXBuildFile; fileRef = F8A0897D27ECDF1900C22CB6 /* ShapeType.swift */; };
		F8A0898027ECE09900C22CB6 /* ShapeController.swift in Sources */ = {isa = PBXBuildFile; fileRef = F8A0897F27ECE09900C22CB6 /* ShapeController.swift */; };
		F8A0898227ECE43E00C22CB6 /* ShapesViewController.swift in Sources */ = {isa = PBXBuildFile; fileRef = F8A0898127ECE43E00C22CB6 /* ShapesViewController.swift */; };
/* End PBXBuildFile section */

/* Begin PBXFileReference section */
		F83206DC27ED11F100A230CC /* ShapeCell.swift */ = {isa = PBXFileReference; lastKnownFileType = sourcecode.swift; path = ShapeCell.swift; sourceTree = "<group>"; };
		F83206EB27ED2BA200A230CC /* ShapeControlViewController.swift */ = {isa = PBXFileReference; lastKnownFileType = sourcecode.swift; path = ShapeControlViewController.swift; sourceTree = "<group>"; };
		F83206ED27ED383A00A230CC /* Color.swift */ = {isa = PBXFileReference; lastKnownFileType = sourcecode.swift; path = Color.swift; sourceTree = "<group>"; };
		F83206EF27ED3DA600A230CC /* StrokeWidth.swift */ = {isa = PBXFileReference; lastKnownFileType = sourcecode.swift; path = StrokeWidth.swift; sourceTree = "<group>"; };
		F8A0895F27ECDE4600C22CB6 /* Shapes.app */ = {isa = PBXFileReference; explicitFileType = wrapper.application; includeInIndex = 0; path = Shapes.app; sourceTree = BUILT_PRODUCTS_DIR; };
		F8A0896227ECDE4600C22CB6 /* AppDelegate.swift */ = {isa = PBXFileReference; lastKnownFileType = sourcecode.swift; path = AppDelegate.swift; sourceTree = "<group>"; };
		F8A0896427ECDE4600C22CB6 /* SceneDelegate.swift */ = {isa = PBXFileReference; lastKnownFileType = sourcecode.swift; path = SceneDelegate.swift; sourceTree = "<group>"; };
		F8A0896927ECDE4600C22CB6 /* Base */ = {isa = PBXFileReference; lastKnownFileType = file.storyboard; name = Base; path = Base.lproj/Main.storyboard; sourceTree = "<group>"; };
		F8A0896B27ECDE4700C22CB6 /* Assets.xcassets */ = {isa = PBXFileReference; lastKnownFileType = folder.assetcatalog; path = Assets.xcassets; sourceTree = "<group>"; };
		F8A0896E27ECDE4700C22CB6 /* Base */ = {isa = PBXFileReference; lastKnownFileType = file.storyboard; name = Base; path = Base.lproj/LaunchScreen.storyboard; sourceTree = "<group>"; };
		F8A0897027ECDE4700C22CB6 /* Info.plist */ = {isa = PBXFileReference; lastKnownFileType = text.plist.xml; path = Info.plist; sourceTree = "<group>"; };
		F8A0897B27ECDEE900C22CB6 /* Shape.swift */ = {isa = PBXFileReference; lastKnownFileType = sourcecode.swift; path = Shape.swift; sourceTree = "<group>"; };
		F8A0897D27ECDF1900C22CB6 /* ShapeType.swift */ = {isa = PBXFileReference; lastKnownFileType = sourcecode.swift; path = ShapeType.swift; sourceTree = "<group>"; };
		F8A0897F27ECE09900C22CB6 /* ShapeController.swift */ = {isa = PBXFileReference; lastKnownFileType = sourcecode.swift; path = ShapeController.swift; sourceTree = "<group>"; };
		F8A0898127ECE43E00C22CB6 /* ShapesViewController.swift */ = {isa = PBXFileReference; lastKnownFileType = sourcecode.swift; path = ShapesViewController.swift; sourceTree = "<group>"; };
/* End PBXFileReference section */

/* Begin PBXFrameworksBuildPhase section */
		F8A0895C27ECDE4600C22CB6 /* Frameworks */ = {
			isa = PBXFrameworksBuildPhase;
			buildActionMask = 2147483647;
			files = (
			);
			runOnlyForDeploymentPostprocessing = 0;
		};
/* End PBXFrameworksBuildPhase section */

/* Begin PBXGroup section */
		F8A0895627ECDE4600C22CB6 = {
			isa = PBXGroup;
			children = (
				F8A0896127ECDE4600C22CB6 /* Shapes */,
				F8A0896027ECDE4600C22CB6 /* Products */,
			);
			sourceTree = "<group>";
		};
		F8A0896027ECDE4600C22CB6 /* Products */ = {
			isa = PBXGroup;
			children = (
				F8A0895F27ECDE4600C22CB6 /* Shapes.app */,
			);
			name = Products;
			sourceTree = "<group>";
		};
		F8A0896127ECDE4600C22CB6 /* Shapes */ = {
			isa = PBXGroup;
			children = (
				F8A0897827ECDE7D00C22CB6 /* MainDelegates */,
				F8A0897927ECDEB500C22CB6 /* Model */,
				F8A0898427ECEC5C00C22CB6 /* Views */,
				F8A0897A27ECDECA00C22CB6 /* ViewControllers */,
				F8A0897627ECDE5C00C22CB6 /* Storyboards */,
				F8A0897727ECDE6C00C22CB6 /* Resources */,
			);
			path = Shapes;
			sourceTree = "<group>";
		};
		F8A0897627ECDE5C00C22CB6 /* Storyboards */ = {
			isa = PBXGroup;
			children = (
				F8A0896827ECDE4600C22CB6 /* Main.storyboard */,
				F8A0896D27ECDE4700C22CB6 /* LaunchScreen.storyboard */,
			);
			path = Storyboards;
			sourceTree = "<group>";
		};
		F8A0897727ECDE6C00C22CB6 /* Resources */ = {
			isa = PBXGroup;
			children = (
				F8A0896B27ECDE4700C22CB6 /* Assets.xcassets */,
				F8A0897027ECDE4700C22CB6 /* Info.plist */,
			);
			path = Resources;
			sourceTree = "<group>";
		};
		F8A0897827ECDE7D00C22CB6 /* MainDelegates */ = {
			isa = PBXGroup;
			children = (
				F8A0896227ECDE4600C22CB6 /* AppDelegate.swift */,
				F8A0896427ECDE4600C22CB6 /* SceneDelegate.swift */,
			);
			path = MainDelegates;
			sourceTree = "<group>";
		};
		F8A0897927ECDEB500C22CB6 /* Model */ = {
			isa = PBXGroup;
			children = (
				F83206ED27ED383A00A230CC /* Color.swift */,
				F8A0897B27ECDEE900C22CB6 /* Shape.swift */,
				F8A0897F27ECE09900C22CB6 /* ShapeController.swift */,
				F8A0897D27ECDF1900C22CB6 /* ShapeType.swift */,
				F83206EF27ED3DA600A230CC /* StrokeWidth.swift */,
			);
			path = Model;
			sourceTree = "<group>";
		};
		F8A0897A27ECDECA00C22CB6 /* ViewControllers */ = {
			isa = PBXGroup;
			children = (
				F83206EB27ED2BA200A230CC /* ShapeControlViewController.swift */,
				F8A0898127ECE43E00C22CB6 /* ShapesViewController.swift */,
			);
			path = ViewControllers;
			sourceTree = "<group>";
		};
		F8A0898427ECEC5C00C22CB6 /* Views */ = {
			isa = PBXGroup;
			children = (
				F83206DC27ED11F100A230CC /* ShapeCell.swift */,
			);
			path = Views;
			sourceTree = "<group>";
		};
/* End PBXGroup section */

/* Begin PBXNativeTarget section */
		F8A0895E27ECDE4600C22CB6 /* Shapes */ = {
			isa = PBXNativeTarget;
			buildConfigurationList = F8A0897327ECDE4700C22CB6 /* Build configuration list for PBXNativeTarget "Shapes" */;
			buildPhases = (
				F8A0895B27ECDE4600C22CB6 /* Sources */,
				F8A0895C27ECDE4600C22CB6 /* Frameworks */,
				F8A0895D27ECDE4600C22CB6 /* Resources */,
			);
			buildRules = (
			);
			dependencies = (
			);
			name = Shapes;
			productName = Shapes;
			productReference = F8A0895F27ECDE4600C22CB6 /* Shapes.app */;
			productType = "com.apple.product-type.application";
		};
/* End PBXNativeTarget section */

/* Begin PBXProject section */
		F8A0895727ECDE4600C22CB6 /* Project object */ = {
			isa = PBXProject;
			attributes = {
				BuildIndependentTargetsInParallel = 1;
				LastSwiftUpdateCheck = 1330;
				LastUpgradeCheck = 1330;
				TargetAttributes = {
					F8A0895E27ECDE4600C22CB6 = {
						CreatedOnToolsVersion = 13.3;
					};
				};
			};
			buildConfigurationList = F8A0895A27ECDE4600C22CB6 /* Build configuration list for PBXProject "Shapes" */;
			compatibilityVersion = "Xcode 13.0";
			developmentRegion = en;
			hasScannedForEncodings = 0;
			knownRegions = (
				en,
				Base,
			);
			mainGroup = F8A0895627ECDE4600C22CB6;
			productRefGroup = F8A0896027ECDE4600C22CB6 /* Products */;
			projectDirPath = "";
			projectRoot = "";
			targets = (
				F8A0895E27ECDE4600C22CB6 /* Shapes */,
			);
		};
/* End PBXProject section */

/* Begin PBXResourcesBuildPhase section */
		F8A0895D27ECDE4600C22CB6 /* Resources */ = {
			isa = PBXResourcesBuildPhase;
			buildActionMask = 2147483647;
			files = (
				F8A0896F27ECDE4700C22CB6 /* LaunchScreen.storyboard in Resources */,
				F8A0896C27ECDE4700C22CB6 /* Assets.xcassets in Resources */,
				F8A0896A27ECDE4600C22CB6 /* Main.storyboard in Resources */,
			);
			runOnlyForDeploymentPostprocessing = 0;
		};
/* End PBXResourcesBuildPhase section */

/* Begin PBXSourcesBuildPhase section */
		F8A0895B27ECDE4600C22CB6 /* Sources */ = {
			isa = PBXSourcesBuildPhase;
			buildActionMask = 2147483647;
			files = (
				F83206EC27ED2BA200A230CC /* ShapeControlViewController.swift in Sources */,
				F83206F027ED3DA600A230CC /* StrokeWidth.swift in Sources */,
				F8A0896327ECDE4600C22CB6 /* AppDelegate.swift in Sources */,
				F8A0897E27ECDF1900C22CB6 /* ShapeType.swift in Sources */,
				F8A0896527ECDE4600C22CB6 /* SceneDelegate.swift in Sources */,
				F83206DD27ED11F100A230CC /* ShapeCell.swift in Sources */,
				F8A0897C27ECDEE900C22CB6 /* Shape.swift in Sources */,
				F8A0898227ECE43E00C22CB6 /* ShapesViewController.swift in Sources */,
				F83206EE27ED383A00A230CC /* Color.swift in Sources */,
				F8A0898027ECE09900C22CB6 /* ShapeController.swift in Sources */,
			);
			runOnlyForDeploymentPostprocessing = 0;
		};
/* End PBXSourcesBuildPhase section */

/* Begin PBXVariantGroup section */
		F8A0896827ECDE4600C22CB6 /* Main.storyboard */ = {
			isa = PBXVariantGroup;
			children = (
				F8A0896927ECDE4600C22CB6 /* Base */,
			);
			name = Main.storyboard;
			sourceTree = "<group>";
		};
		F8A0896D27ECDE4700C22CB6 /* LaunchScreen.storyboard */ = {
			isa = PBXVariantGroup;
			children = (
				F8A0896E27ECDE4700C22CB6 /* Base */,
			);
			name = LaunchScreen.storyboard;
			sourceTree = "<group>";
		};
/* End PBXVariantGroup section */

/* Begin XCBuildConfiguration section */
		F8A0897127ECDE4700C22CB6 /* Debug */ = {
			isa = XCBuildConfiguration;
			buildSettings = {
				ALWAYS_SEARCH_USER_PATHS = NO;
				CLANG_ANALYZER_NONNULL = YES;
				CLANG_ANALYZER_NUMBER_OBJECT_CONVERSION = YES_AGGRESSIVE;
				CLANG_CXX_LANGUAGE_STANDARD = "gnu++17";
				CLANG_ENABLE_MODULES = YES;
				CLANG_ENABLE_OBJC_ARC = YES;
				CLANG_ENABLE_OBJC_WEAK = YES;
				CLANG_WARN_BLOCK_CAPTURE_AUTORELEASING = YES;
				CLANG_WARN_BOOL_CONVERSION = YES;
				CLANG_WARN_COMMA = YES;
				CLANG_WARN_CONSTANT_CONVERSION = YES;
				CLANG_WARN_DEPRECATED_OBJC_IMPLEMENTATIONS = YES;
				CLANG_WARN_DIRECT_OBJC_ISA_USAGE = YES_ERROR;
				CLANG_WARN_DOCUMENTATION_COMMENTS = YES;
				CLANG_WARN_EMPTY_BODY = YES;
				CLANG_WARN_ENUM_CONVERSION = YES;
				CLANG_WARN_INFINITE_RECURSION = YES;
				CLANG_WARN_INT_CONVERSION = YES;
				CLANG_WARN_NON_LITERAL_NULL_CONVERSION = YES;
				CLANG_WARN_OBJC_IMPLICIT_RETAIN_SELF = YES;
				CLANG_WARN_OBJC_LITERAL_CONVERSION = YES;
				CLANG_WARN_OBJC_ROOT_CLASS = YES_ERROR;
				CLANG_WARN_QUOTED_INCLUDE_IN_FRAMEWORK_HEADER = YES;
				CLANG_WARN_RANGE_LOOP_ANALYSIS = YES;
				CLANG_WARN_STRICT_PROTOTYPES = YES;
				CLANG_WARN_SUSPICIOUS_MOVE = YES;
				CLANG_WARN_UNGUARDED_AVAILABILITY = YES_AGGRESSIVE;
				CLANG_WARN_UNREACHABLE_CODE = YES;
				CLANG_WARN__DUPLICATE_METHOD_MATCH = YES;
				COPY_PHASE_STRIP = NO;
				DEBUG_INFORMATION_FORMAT = dwarf;
				ENABLE_STRICT_OBJC_MSGSEND = YES;
				ENABLE_TESTABILITY = YES;
				GCC_C_LANGUAGE_STANDARD = gnu11;
				GCC_DYNAMIC_NO_PIC = NO;
				GCC_NO_COMMON_BLOCKS = YES;
				GCC_OPTIMIZATION_LEVEL = 0;
				GCC_PREPROCESSOR_DEFINITIONS = (
					"DEBUG=1",
					"$(inherited)",
				);
				GCC_WARN_64_TO_32_BIT_CONVERSION = YES;
				GCC_WARN_ABOUT_RETURN_TYPE = YES_ERROR;
				GCC_WARN_UNDECLARED_SELECTOR = YES;
				GCC_WARN_UNINITIALIZED_AUTOS = YES_AGGRESSIVE;
				GCC_WARN_UNUSED_FUNCTION = YES;
				GCC_WARN_UNUSED_VARIABLE = YES;
				IPHONEOS_DEPLOYMENT_TARGET = 15.4;
				MTL_ENABLE_DEBUG_INFO = INCLUDE_SOURCE;
				MTL_FAST_MATH = YES;
				ONLY_ACTIVE_ARCH = YES;
				SDKROOT = iphoneos;
				SWIFT_ACTIVE_COMPILATION_CONDITIONS = DEBUG;
				SWIFT_OPTIMIZATION_LEVEL = "-Onone";
			};
			name = Debug;
		};
		F8A0897227ECDE4700C22CB6 /* Release */ = {
			isa = XCBuildConfiguration;
			buildSettings = {
				ALWAYS_SEARCH_USER_PATHS = NO;
				CLANG_ANALYZER_NONNULL = YES;
				CLANG_ANALYZER_NUMBER_OBJECT_CONVERSION = YES_AGGRESSIVE;
				CLANG_CXX_LANGUAGE_STANDARD = "gnu++17";
				CLANG_ENABLE_MODULES = YES;
				CLANG_ENABLE_OBJC_ARC = YES;
				CLANG_ENABLE_OBJC_WEAK = YES;
				CLANG_WARN_BLOCK_CAPTURE_AUTORELEASING = YES;
				CLANG_WARN_BOOL_CONVERSION = YES;
				CLANG_WARN_COMMA = YES;
				CLANG_WARN_CONSTANT_CONVERSION = YES;
				CLANG_WARN_DEPRECATED_OBJC_IMPLEMENTATIONS = YES;
				CLANG_WARN_DIRECT_OBJC_ISA_USAGE = YES_ERROR;
				CLANG_WARN_DOCUMENTATION_COMMENTS = YES;
				CLANG_WARN_EMPTY_BODY = YES;
				CLANG_WARN_ENUM_CONVERSION = YES;
				CLANG_WARN_INFINITE_RECURSION = YES;
				CLANG_WARN_INT_CONVERSION = YES;
				CLANG_WARN_NON_LITERAL_NULL_CONVERSION = YES;
				CLANG_WARN_OBJC_IMPLICIT_RETAIN_SELF = YES;
				CLANG_WARN_OBJC_LITERAL_CONVERSION = YES;
				CLANG_WARN_OBJC_ROOT_CLASS = YES_ERROR;
				CLANG_WARN_QUOTED_INCLUDE_IN_FRAMEWORK_HEADER = YES;
				CLANG_WARN_RANGE_LOOP_ANALYSIS = YES;
				CLANG_WARN_STRICT_PROTOTYPES = YES;
				CLANG_WARN_SUSPICIOUS_MOVE = YES;
				CLANG_WARN_UNGUARDED_AVAILABILITY = YES_AGGRESSIVE;
				CLANG_WARN_UNREACHABLE_CODE = YES;
				CLANG_WARN__DUPLICATE_METHOD_MATCH = YES;
				COPY_PHASE_STRIP = NO;
				DEBUG_INFORMATION_FORMAT = "dwarf-with-dsym";
				ENABLE_NS_ASSERTIONS = NO;
				ENABLE_STRICT_OBJC_MSGSEND = YES;
				GCC_C_LANGUAGE_STANDARD = gnu11;
				GCC_NO_COMMON_BLOCKS = YES;
				GCC_WARN_64_TO_32_BIT_CONVERSION = YES;
				GCC_WARN_ABOUT_RETURN_TYPE = YES_ERROR;
				GCC_WARN_UNDECLARED_SELECTOR = YES;
				GCC_WARN_UNINITIALIZED_AUTOS = YES_AGGRESSIVE;
				GCC_WARN_UNUSED_FUNCTION = YES;
				GCC_WARN_UNUSED_VARIABLE = YES;
				IPHONEOS_DEPLOYMENT_TARGET = 15.4;
				MTL_ENABLE_DEBUG_INFO = NO;
				MTL_FAST_MATH = YES;
				SDKROOT = iphoneos;
				SWIFT_COMPILATION_MODE = wholemodule;
				SWIFT_OPTIMIZATION_LEVEL = "-O";
				VALIDATE_PRODUCT = YES;
			};
			name = Release;
		};
		F8A0897427ECDE4700C22CB6 /* Debug */ = {
			isa = XCBuildConfiguration;
			buildSettings = {
				ASSETCATALOG_COMPILER_APPICON_NAME = AppIcon;
				ASSETCATALOG_COMPILER_GLOBAL_ACCENT_COLOR_NAME = AccentColor;
				CODE_SIGN_STYLE = Automatic;
				CURRENT_PROJECT_VERSION = 7;
				DEVELOPMENT_TEAM = 37H8X6K6NN;
				GENERATE_INFOPLIST_FILE = YES;
				INFOPLIST_FILE = Shapes/Resources/Info.plist;
				INFOPLIST_KEY_UIApplicationSupportsIndirectInputEvents = YES;
				INFOPLIST_KEY_UILaunchStoryboardName = LaunchScreen;
				INFOPLIST_KEY_UIMainStoryboardFile = Main;
				INFOPLIST_KEY_UISupportedInterfaceOrientations_iPad = "UIInterfaceOrientationPortrait UIInterfaceOrientationPortraitUpsideDown UIInterfaceOrientationLandscapeLeft UIInterfaceOrientationLandscapeRight";
				INFOPLIST_KEY_UISupportedInterfaceOrientations_iPhone = "UIInterfaceOrientationPortrait UIInterfaceOrientationLandscapeLeft UIInterfaceOrientationLandscapeRight";
				LD_RUNPATH_SEARCH_PATHS = (
					"$(inherited)",
					"@executable_path/Frameworks",
				);
				MARKETING_VERSION = 1.0;
				PRODUCT_BUNDLE_IDENTIFIER = com.AvantiApplications.Shapes;
				PRODUCT_NAME = "$(TARGET_NAME)";
				SWIFT_EMIT_LOC_STRINGS = YES;
				SWIFT_VERSION = 5.0;
				TARGETED_DEVICE_FAMILY = "1,2";
			};
			name = Debug;
		};
		F8A0897527ECDE4700C22CB6 /* Release */ = {
			isa = XCBuildConfiguration;
			buildSettings = {
				ASSETCATALOG_COMPILER_APPICON_NAME = AppIcon;
				ASSETCATALOG_COMPILER_GLOBAL_ACCENT_COLOR_NAME = AccentColor;
				CODE_SIGN_STYLE = Automatic;
				CURRENT_PROJECT_VERSION = 7;
				DEVELOPMENT_TEAM = 37H8X6K6NN;
				GENERATE_INFOPLIST_FILE = YES;
				INFOPLIST_FILE = Shapes/Resources/Info.plist;
				INFOPLIST_KEY_UIApplicationSupportsIndirectInputEvents = YES;
				INFOPLIST_KEY_UILaunchStoryboardName = LaunchScreen;
				INFOPLIST_KEY_UIMainStoryboardFile = Main;
				INFOPLIST_KEY_UISupportedInterfaceOrientations_iPad = "UIInterfaceOrientationPortrait UIInterfaceOrientationPortraitUpsideDown UIInterfaceOrientationLandscapeLeft UIInterfaceOrientationLandscapeRight";
				INFOPLIST_KEY_UISupportedInterfaceOrientations_iPhone = "UIInterfaceOrientationPortrait UIInterfaceOrientationLandscapeLeft UIInterfaceOrientationLandscapeRight";
				LD_RUNPATH_SEARCH_PATHS = (
					"$(inherited)",
					"@executable_path/Frameworks",
				);
				MARKETING_VERSION = 1.0;
				PRODUCT_BUNDLE_IDENTIFIER = com.AvantiApplications.Shapes;
				PRODUCT_NAME = "$(TARGET_NAME)";
				SWIFT_EMIT_LOC_STRINGS = YES;
				SWIFT_VERSION = 5.0;
				TARGETED_DEVICE_FAMILY = "1,2";
			};
			name = Release;
		};
/* End XCBuildConfiguration section */

/* Begin XCConfigurationList section */
		F8A0895A27ECDE4600C22CB6 /* Build configuration list for PBXProject "Shapes" */ = {
			isa = XCConfigurationList;
			buildConfigurations = (
				F8A0897127ECDE4700C22CB6 /* Debug */,
				F8A0897227ECDE4700C22CB6 /* Release */,
			);
			defaultConfigurationIsVisible = 0;
			defaultConfigurationName = Release;
		};
		F8A0897327ECDE4700C22CB6 /* Build configuration list for PBXNativeTarget "Shapes" */ = {
			isa = XCConfigurationList;
			buildConfigurations = (
				F8A0897427ECDE4700C22CB6 /* Debug */,
				F8A0897527ECDE4700C22CB6 /* Release */,
			);
			defaultConfigurationIsVisible = 0;
			defaultConfigurationName = Release;
		};
/* End XCConfigurationList section */
	};
	rootObject = F8A0895727ECDE4600C22CB6 /* Project object */;
}
